
Microsoft Visual Studio Solution File, Format Version 12.00
# Visual Studio Version 17
VisualStudioVersion = 17.13.35825.156 d17.13
MinimumVisualStudioVersion = 10.0.40219.1
Project("{FAE04EC0-301F-11D3-BF4B-00C04F79EFBC}") = "ST10382076_MVC_PROGPOE2", "ST10382076_MVC_PROGPOE2\ST10382076_MVC_PROGPOE2.csproj", "{2F8B214A-7CF6-458F-9452-026A29B99BA0}"
EndProject
Project("{FAE04EC0-301F-11D3-BF4B-00C04F79EFBC}") = "ST10382076_API_EF_PROGPOE2", "ST10382076_API_EF_PROGPOE2\ST10382076_API_EF_PROGPOE2.csproj", "{0030D6E9-930A-48C0-9731-4AD8985BB0F4}"
EndProject
Global
	GlobalSection(SolutionConfigurationPlatforms) = preSolution
		Debug|Any CPU = Debug|Any CPU
		Release|Any CPU = Release|Any CPU
	EndGlobalSection
	GlobalSection(ProjectConfigurationPlatforms) = postSolution
		{2F8B214A-7CF6-458F-9452-026A29B99BA0}.Debug|Any CPU.ActiveCfg = Debug|Any CPU
		{2F8B214A-7CF6-458F-9452-026A29B99BA0}.Debug|Any CPU.Build.0 = Debug|Any CPU
		{2F8B214A-7CF6-458F-9452-026A29B99BA0}.Release|Any CPU.ActiveCfg = Release|Any CPU
		{2F8B214A-7CF6-458F-9452-026A29B99BA0}.Release|Any CPU.Build.0 = Release|Any CPU
		{0030D6E9-930A-48C0-9731-4AD8985BB0F4}.Debug|Any CPU.ActiveCfg = Debug|Any CPU
		{0030D6E9-930A-48C0-9731-4AD8985BB0F4}.Debug|Any CPU.Build.0 = Debug|Any CPU
		{0030D6E9-930A-48C0-9731-4AD8985BB0F4}.Release|Any CPU.ActiveCfg = Release|Any CPU
		{0030D6E9-930A-48C0-9731-4AD8985BB0F4}.Release|Any CPU.Build.0 = Release|Any CPU
	EndGlobalSection
	GlobalSection(SolutionProperties) = preSolution
		HideSolutionNode = FALSE
	EndGlobalSection
	GlobalSection(ExtensibilityGlobals) = postSolution
		SolutionGuid = {F4CAABA8-634B-45DC-BD81-CF79F70DF1DC}
	EndGlobalSection
EndGlobal
